
Microsoft Visual Studio Solution File, Format Version 12.00
# Visual Studio Version 16
VisualStudioVersion = 16.0.30225.117
MinimumVisualStudioVersion = 10.0.40219.1
Project("{FAE04EC0-301F-11D3-BF4B-00C04F79EFBC}") = "Ejercicio.42", "Ejercicio.42\Ejercicio.42.csproj", "{0785BD66-C32F-4043-A3E9-9236254824BF}"
EndProject
Project("{FAE04EC0-301F-11D3-BF4B-00C04F79EFBC}") = "View", "View\View.csproj", "{3982EF61-E800-41BF-821B-6D71C9D64FAA}"
EndProject
Global
	GlobalSection(SolutionConfigurationPlatforms) = preSolution
		Debug|Any CPU = Debug|Any CPU
		Release|Any CPU = Release|Any CPU
	EndGlobalSection
	GlobalSection(ProjectConfigurationPlatforms) = postSolution
		{0785BD66-C32F-4043-A3E9-9236254824BF}.Debug|Any CPU.ActiveCfg = Debug|Any CPU
		{0785BD66-C32F-4043-A3E9-9236254824BF}.Debug|Any CPU.Build.0 = Debug|Any CPU
		{0785BD66-C32F-4043-A3E9-9236254824BF}.Release|Any CPU.ActiveCfg = Release|Any CPU
		{0785BD66-C32F-4043-A3E9-9236254824BF}.Release|Any CPU.Build.0 = Release|Any CPU
		{3982EF61-E800-41BF-821B-6D71C9D64FAA}.Debug|Any CPU.ActiveCfg = Debug|Any CPU
		{3982EF61-E800-41BF-821B-6D71C9D64FAA}.Debug|Any CPU.Build.0 = Debug|Any CPU
		{3982EF61-E800-41BF-821B-6D71C9D64FAA}.Release|Any CPU.ActiveCfg = Release|Any CPU
		{3982EF61-E800-41BF-821B-6D71C9D64FAA}.Release|Any CPU.Build.0 = Release|Any CPU
	EndGlobalSection
	GlobalSection(SolutionProperties) = preSolution
		HideSolutionNode = FALSE
	EndGlobalSection
	GlobalSection(ExtensibilityGlobals) = postSolution
		SolutionGuid = {CAA740EE-220C-4554-B944-7EC56032F1F7}
	EndGlobalSection
EndGlobal
