
Microsoft Visual Studio Solution File, Format Version 12.00
# Visual Studio Version 16
VisualStudioVersion = 16.0.30225.117
MinimumVisualStudioVersion = 10.0.40219.1
Project("{FAE04EC0-301F-11D3-BF4B-00C04F79EFBC}") = "Ejercicios.ArraysColecciones", "Ejercicios.ArraysColecciones\Ejercicios.ArraysColecciones.csproj", "{279E78FE-0C36-4811-ABB7-9CE89AA708DD}"
EndProject
Project("{FAE04EC0-301F-11D3-BF4B-00C04F79EFBC}") = "Ejercicio.27", "Ejercicio.27\Ejercicio.27.csproj", "{9330FE55-4B6A-4FE7-B284-B5C5637EF353}"
EndProject
Global
	GlobalSection(SolutionConfigurationPlatforms) = preSolution
		Debug|Any CPU = Debug|Any CPU
		Release|Any CPU = Release|Any CPU
	EndGlobalSection
	GlobalSection(ProjectConfigurationPlatforms) = postSolution
		{279E78FE-0C36-4811-ABB7-9CE89AA708DD}.Debug|Any CPU.ActiveCfg = Debug|Any CPU
		{279E78FE-0C36-4811-ABB7-9CE89AA708DD}.Debug|Any CPU.Build.0 = Debug|Any CPU
		{279E78FE-0C36-4811-ABB7-9CE89AA708DD}.Release|Any CPU.ActiveCfg = Release|Any CPU
		{279E78FE-0C36-4811-ABB7-9CE89AA708DD}.Release|Any CPU.Build.0 = Release|Any CPU
		{9330FE55-4B6A-4FE7-B284-B5C5637EF353}.Debug|Any CPU.ActiveCfg = Debug|Any CPU
		{9330FE55-4B6A-4FE7-B284-B5C5637EF353}.Debug|Any CPU.Build.0 = Debug|Any CPU
		{9330FE55-4B6A-4FE7-B284-B5C5637EF353}.Release|Any CPU.ActiveCfg = Release|Any CPU
		{9330FE55-4B6A-4FE7-B284-B5C5637EF353}.Release|Any CPU.Build.0 = Release|Any CPU
	EndGlobalSection
	GlobalSection(SolutionProperties) = preSolution
		HideSolutionNode = FALSE
	EndGlobalSection
	GlobalSection(ExtensibilityGlobals) = postSolution
		SolutionGuid = {DDF56A69-6E99-440A-A00E-AD9A154421F1}
	EndGlobalSection
EndGlobal
