
Microsoft Visual Studio Solution File, Format Version 12.00
# Visual Studio Version 16
VisualStudioVersion = 16.0.30225.117
MinimumVisualStudioVersion = 10.0.40219.1
Project("{FAE04EC0-301F-11D3-BF4B-00C04F79EFBC}") = "Entidades", "Entidades\Entidades.csproj", "{49EB0F76-F641-4970-825B-702B525715E3}"
EndProject
Project("{FAE04EC0-301F-11D3-BF4B-00C04F79EFBC}") = "Test", "Test\Test.csproj", "{4B4580DA-1538-441F-9FB7-E0E46A399EDF}"
EndProject
Global
	GlobalSection(SolutionConfigurationPlatforms) = preSolution
		Debug|Any CPU = Debug|Any CPU
		Release|Any CPU = Release|Any CPU
	EndGlobalSection
	GlobalSection(ProjectConfigurationPlatforms) = postSolution
		{49EB0F76-F641-4970-825B-702B525715E3}.Debug|Any CPU.ActiveCfg = Debug|Any CPU
		{49EB0F76-F641-4970-825B-702B525715E3}.Debug|Any CPU.Build.0 = Debug|Any CPU
		{49EB0F76-F641-4970-825B-702B525715E3}.Release|Any CPU.ActiveCfg = Release|Any CPU
		{49EB0F76-F641-4970-825B-702B525715E3}.Release|Any CPU.Build.0 = Release|Any CPU
		{4B4580DA-1538-441F-9FB7-E0E46A399EDF}.Debug|Any CPU.ActiveCfg = Debug|Any CPU
		{4B4580DA-1538-441F-9FB7-E0E46A399EDF}.Debug|Any CPU.Build.0 = Debug|Any CPU
		{4B4580DA-1538-441F-9FB7-E0E46A399EDF}.Release|Any CPU.ActiveCfg = Release|Any CPU
		{4B4580DA-1538-441F-9FB7-E0E46A399EDF}.Release|Any CPU.Build.0 = Release|Any CPU
	EndGlobalSection
	GlobalSection(SolutionProperties) = preSolution
		HideSolutionNode = FALSE
	EndGlobalSection
	GlobalSection(ExtensibilityGlobals) = postSolution
		SolutionGuid = {2DF033A2-4F71-454B-90DB-F01F7D0FAD96}
	EndGlobalSection
EndGlobal
