
Microsoft Visual Studio Solution File, Format Version 12.00
# Visual Studio Version 16
VisualStudioVersion = 16.0.30225.117
MinimumVisualStudioVersion = 10.0.40219.1
Project("{FAE04EC0-301F-11D3-BF4B-00C04F79EFBC}") = "Ejercicio.31", "Ejercicio.31\Ejercicio.31.csproj", "{329B60EA-9188-4633-9790-190D45FAC4B9}"
EndProject
Project("{FAE04EC0-301F-11D3-BF4B-00C04F79EFBC}") = "ClassLibrary", "ClassLibrary\ClassLibrary.csproj", "{5B904BC9-90EC-43FD-ADEE-2BD08FAFD910}"
EndProject
Global
	GlobalSection(SolutionConfigurationPlatforms) = preSolution
		Debug|Any CPU = Debug|Any CPU
		Release|Any CPU = Release|Any CPU
	EndGlobalSection
	GlobalSection(ProjectConfigurationPlatforms) = postSolution
		{329B60EA-9188-4633-9790-190D45FAC4B9}.Debug|Any CPU.ActiveCfg = Debug|Any CPU
		{329B60EA-9188-4633-9790-190D45FAC4B9}.Debug|Any CPU.Build.0 = Debug|Any CPU
		{329B60EA-9188-4633-9790-190D45FAC4B9}.Release|Any CPU.ActiveCfg = Release|Any CPU
		{329B60EA-9188-4633-9790-190D45FAC4B9}.Release|Any CPU.Build.0 = Release|Any CPU
		{5B904BC9-90EC-43FD-ADEE-2BD08FAFD910}.Debug|Any CPU.ActiveCfg = Debug|Any CPU
		{5B904BC9-90EC-43FD-ADEE-2BD08FAFD910}.Debug|Any CPU.Build.0 = Debug|Any CPU
		{5B904BC9-90EC-43FD-ADEE-2BD08FAFD910}.Release|Any CPU.ActiveCfg = Release|Any CPU
		{5B904BC9-90EC-43FD-ADEE-2BD08FAFD910}.Release|Any CPU.Build.0 = Release|Any CPU
	EndGlobalSection
	GlobalSection(SolutionProperties) = preSolution
		HideSolutionNode = FALSE
	EndGlobalSection
	GlobalSection(ExtensibilityGlobals) = postSolution
		SolutionGuid = {1091DA6E-CD5A-428B-8575-3A0818C9AEFE}
	EndGlobalSection
EndGlobal
