
Microsoft Visual Studio Solution File, Format Version 12.00
# Visual Studio Version 16
VisualStudioVersion = 16.0.30225.117
MinimumVisualStudioVersion = 10.0.40219.1
Project("{FAE04EC0-301F-11D3-BF4B-00C04F79EFBC}") = "Maximiliano.Fernandez.2C", "Maximiliano.Fernandez.2C\Maximiliano.Fernandez.2C.csproj", "{9E3D4453-6216-47EE-AAD9-250A41024B76}"
EndProject
Project("{FAE04EC0-301F-11D3-BF4B-00C04F79EFBC}") = "ClassLibrary", "ClassLibrary\ClassLibrary.csproj", "{71763A31-9C32-4AED-B55F-BACB63D70FCB}"
EndProject
Global
	GlobalSection(SolutionConfigurationPlatforms) = preSolution
		Debug|Any CPU = Debug|Any CPU
		Release|Any CPU = Release|Any CPU
	EndGlobalSection
	GlobalSection(ProjectConfigurationPlatforms) = postSolution
		{9E3D4453-6216-47EE-AAD9-250A41024B76}.Debug|Any CPU.ActiveCfg = Debug|Any CPU
		{9E3D4453-6216-47EE-AAD9-250A41024B76}.Debug|Any CPU.Build.0 = Debug|Any CPU
		{9E3D4453-6216-47EE-AAD9-250A41024B76}.Release|Any CPU.ActiveCfg = Release|Any CPU
		{9E3D4453-6216-47EE-AAD9-250A41024B76}.Release|Any CPU.Build.0 = Release|Any CPU
		{71763A31-9C32-4AED-B55F-BACB63D70FCB}.Debug|Any CPU.ActiveCfg = Debug|Any CPU
		{71763A31-9C32-4AED-B55F-BACB63D70FCB}.Debug|Any CPU.Build.0 = Debug|Any CPU
		{71763A31-9C32-4AED-B55F-BACB63D70FCB}.Release|Any CPU.ActiveCfg = Release|Any CPU
		{71763A31-9C32-4AED-B55F-BACB63D70FCB}.Release|Any CPU.Build.0 = Release|Any CPU
	EndGlobalSection
	GlobalSection(SolutionProperties) = preSolution
		HideSolutionNode = FALSE
	EndGlobalSection
	GlobalSection(ExtensibilityGlobals) = postSolution
		SolutionGuid = {09C00033-9993-46EB-BBDF-86C14778A8BB}
	EndGlobalSection
EndGlobal
