
Microsoft Visual Studio Solution File, Format Version 12.00
# Visual Studio Version 16
VisualStudioVersion = 16.0.30225.117
MinimumVisualStudioVersion = 10.0.40219.1
Project("{FAE04EC0-301F-11D3-BF4B-00C04F79EFBC}") = "Consola.C7StringArray", "Consola.C7StringArray\Consola.C7StringArray.csproj", "{91135F0A-DAC0-4E5C-B8DC-DE894896F73D}"
EndProject
Global
	GlobalSection(SolutionConfigurationPlatforms) = preSolution
		Debug|Any CPU = Debug|Any CPU
		Release|Any CPU = Release|Any CPU
	EndGlobalSection
	GlobalSection(ProjectConfigurationPlatforms) = postSolution
		{91135F0A-DAC0-4E5C-B8DC-DE894896F73D}.Debug|Any CPU.ActiveCfg = Debug|Any CPU
		{91135F0A-DAC0-4E5C-B8DC-DE894896F73D}.Debug|Any CPU.Build.0 = Debug|Any CPU
		{91135F0A-DAC0-4E5C-B8DC-DE894896F73D}.Release|Any CPU.ActiveCfg = Release|Any CPU
		{91135F0A-DAC0-4E5C-B8DC-DE894896F73D}.Release|Any CPU.Build.0 = Release|Any CPU
	EndGlobalSection
	GlobalSection(SolutionProperties) = preSolution
		HideSolutionNode = FALSE
	EndGlobalSection
	GlobalSection(ExtensibilityGlobals) = postSolution
		SolutionGuid = {1003308A-661A-4185-AE92-54EB1FECE0B1}
	EndGlobalSection
EndGlobal
