
Microsoft Visual Studio Solution File, Format Version 12.00
# Visual Studio Version 16
VisualStudioVersion = 16.0.30225.117
MinimumVisualStudioVersion = 10.0.40219.1
Project("{FAE04EC0-301F-11D3-BF4B-00C04F79EFBC}") = "Ejercicio.64", "Ejercicio.64\Ejercicio.64.csproj", "{BB53A264-4CAC-4AB7-82F9-0676DB669603}"
EndProject
Project("{FAE04EC0-301F-11D3-BF4B-00C04F79EFBC}") = "ClassLibrary", "ClassLibrary\ClassLibrary.csproj", "{0531F72C-001D-4595-B5A8-2806C77B7392}"
EndProject
Global
	GlobalSection(SolutionConfigurationPlatforms) = preSolution
		Debug|Any CPU = Debug|Any CPU
		Release|Any CPU = Release|Any CPU
	EndGlobalSection
	GlobalSection(ProjectConfigurationPlatforms) = postSolution
		{BB53A264-4CAC-4AB7-82F9-0676DB669603}.Debug|Any CPU.ActiveCfg = Debug|Any CPU
		{BB53A264-4CAC-4AB7-82F9-0676DB669603}.Debug|Any CPU.Build.0 = Debug|Any CPU
		{BB53A264-4CAC-4AB7-82F9-0676DB669603}.Release|Any CPU.ActiveCfg = Release|Any CPU
		{BB53A264-4CAC-4AB7-82F9-0676DB669603}.Release|Any CPU.Build.0 = Release|Any CPU
		{0531F72C-001D-4595-B5A8-2806C77B7392}.Debug|Any CPU.ActiveCfg = Debug|Any CPU
		{0531F72C-001D-4595-B5A8-2806C77B7392}.Debug|Any CPU.Build.0 = Debug|Any CPU
		{0531F72C-001D-4595-B5A8-2806C77B7392}.Release|Any CPU.ActiveCfg = Release|Any CPU
		{0531F72C-001D-4595-B5A8-2806C77B7392}.Release|Any CPU.Build.0 = Release|Any CPU
	EndGlobalSection
	GlobalSection(SolutionProperties) = preSolution
		HideSolutionNode = FALSE
	EndGlobalSection
	GlobalSection(ExtensibilityGlobals) = postSolution
		SolutionGuid = {853D5217-72D1-4B91-899E-CB9048F62D0A}
	EndGlobalSection
EndGlobal
