
Microsoft Visual Studio Solution File, Format Version 12.00
# Visual Studio Version 16
VisualStudioVersion = 16.0.30225.117
MinimumVisualStudioVersion = 10.0.40219.1
Project("{FAE04EC0-301F-11D3-BF4B-00C04F79EFBC}") = "Ejercicio.30", "Ejercicio.30\Ejercicio.30.csproj", "{B5D5CD1A-CD52-41FF-8C82-5B3B84D0DA04}"
EndProject
Project("{FAE04EC0-301F-11D3-BF4B-00C04F79EFBC}") = "ClassLibrary", "ClassLibrary\ClassLibrary.csproj", "{704502DB-FFC7-421A-A6C6-D445CA417309}"
EndProject
Global
	GlobalSection(SolutionConfigurationPlatforms) = preSolution
		Debug|Any CPU = Debug|Any CPU
		Release|Any CPU = Release|Any CPU
	EndGlobalSection
	GlobalSection(ProjectConfigurationPlatforms) = postSolution
		{B5D5CD1A-CD52-41FF-8C82-5B3B84D0DA04}.Debug|Any CPU.ActiveCfg = Debug|Any CPU
		{B5D5CD1A-CD52-41FF-8C82-5B3B84D0DA04}.Debug|Any CPU.Build.0 = Debug|Any CPU
		{B5D5CD1A-CD52-41FF-8C82-5B3B84D0DA04}.Release|Any CPU.ActiveCfg = Release|Any CPU
		{B5D5CD1A-CD52-41FF-8C82-5B3B84D0DA04}.Release|Any CPU.Build.0 = Release|Any CPU
		{704502DB-FFC7-421A-A6C6-D445CA417309}.Debug|Any CPU.ActiveCfg = Debug|Any CPU
		{704502DB-FFC7-421A-A6C6-D445CA417309}.Debug|Any CPU.Build.0 = Debug|Any CPU
		{704502DB-FFC7-421A-A6C6-D445CA417309}.Release|Any CPU.ActiveCfg = Release|Any CPU
		{704502DB-FFC7-421A-A6C6-D445CA417309}.Release|Any CPU.Build.0 = Release|Any CPU
	EndGlobalSection
	GlobalSection(SolutionProperties) = preSolution
		HideSolutionNode = FALSE
	EndGlobalSection
	GlobalSection(ExtensibilityGlobals) = postSolution
		SolutionGuid = {91F4CEBB-D54D-42ED-9EEE-16B5E9603E47}
	EndGlobalSection
EndGlobal
