
Microsoft Visual Studio Solution File, Format Version 12.00
# Visual Studio Version 16
VisualStudioVersion = 16.0.30225.117
MinimumVisualStudioVersion = 10.0.40219.1
Project("{FAE04EC0-301F-11D3-BF4B-00C04F79EFBC}") = "Logic", "Logic\Logic.csproj", "{42E409BE-B723-4877-8755-54B7868B095E}"
EndProject
Project("{FAE04EC0-301F-11D3-BF4B-00C04F79EFBC}") = "View", "View\View.csproj", "{F971858C-C61C-4DD2-8806-14A630295572}"
EndProject
Global
	GlobalSection(SolutionConfigurationPlatforms) = preSolution
		Debug|Any CPU = Debug|Any CPU
		Release|Any CPU = Release|Any CPU
	EndGlobalSection
	GlobalSection(ProjectConfigurationPlatforms) = postSolution
		{42E409BE-B723-4877-8755-54B7868B095E}.Debug|Any CPU.ActiveCfg = Debug|Any CPU
		{42E409BE-B723-4877-8755-54B7868B095E}.Debug|Any CPU.Build.0 = Debug|Any CPU
		{42E409BE-B723-4877-8755-54B7868B095E}.Release|Any CPU.ActiveCfg = Release|Any CPU
		{42E409BE-B723-4877-8755-54B7868B095E}.Release|Any CPU.Build.0 = Release|Any CPU
		{F971858C-C61C-4DD2-8806-14A630295572}.Debug|Any CPU.ActiveCfg = Debug|Any CPU
		{F971858C-C61C-4DD2-8806-14A630295572}.Debug|Any CPU.Build.0 = Debug|Any CPU
		{F971858C-C61C-4DD2-8806-14A630295572}.Release|Any CPU.ActiveCfg = Release|Any CPU
		{F971858C-C61C-4DD2-8806-14A630295572}.Release|Any CPU.Build.0 = Release|Any CPU
	EndGlobalSection
	GlobalSection(SolutionProperties) = preSolution
		HideSolutionNode = FALSE
	EndGlobalSection
	GlobalSection(ExtensibilityGlobals) = postSolution
		SolutionGuid = {CACD4053-B777-4165-B0F0-140C84E696AC}
	EndGlobalSection
EndGlobal
